
Microsoft Visual Studio Solution File, Format Version 12.00
# Visual Studio 15
Project("{FAE04EC0-301F-11D3-BF4B-00C04F79EFBC}") = "Assembly-CSharp", "Assembly-CSharp.csproj", "{869740C4-572F-844C-513C-A6B24B0C3C8B}"
EndProject
Global
	GlobalSection(SolutionConfigurationPlatforms) = preSolution
		Debug|Any CPU = Debug|Any CPU
		Release|Any CPU = Release|Any CPU
	EndGlobalSection
	GlobalSection(ProjectConfigurationPlatforms) = postSolution
		{869740C4-572F-844C-513C-A6B24B0C3C8B}.Debug|Any CPU.ActiveCfg = Debug|Any CPU
		{869740C4-572F-844C-513C-A6B24B0C3C8B}.Debug|Any CPU.Build.0 = Debug|Any CPU
		{869740C4-572F-844C-513C-A6B24B0C3C8B}.Release|Any CPU.ActiveCfg = Release|Any CPU
		{869740C4-572F-844C-513C-A6B24B0C3C8B}.Release|Any CPU.Build.0 = Release|Any CPU
	EndGlobalSection
	GlobalSection(SolutionProperties) = preSolution
		HideSolutionNode = FALSE
	EndGlobalSection
EndGlobal
